
Microsoft Visual Studio Solution File, Format Version 12.00
# Visual Studio Version 16
VisualStudioVersion = 16.0.31005.135
MinimumVisualStudioVersion = 10.0.40219.1
Project("{FAE04EC0-301F-11D3-BF4B-00C04F79EFBC}") = "PWTestApp1 - ProposalMockup.Android", "PWTestApp1 - ProposalMockup.Android\PWTestApp1 - ProposalMockup.Android.csproj", "{6FDF83A1-9AEF-4252-AB71-284FB37DF1BB}"
EndProject
Project("{FAE04EC0-301F-11D3-BF4B-00C04F79EFBC}") = "PWTestApp1 - ProposalMockup.iOS", "PWTestApp1 - ProposalMockup.iOS\PWTestApp1 - ProposalMockup.iOS.csproj", "{9F6704DE-706D-4AB1-AC8F-422941A17E35}"
EndProject
Project("{9A19103F-16F7-4668-BE54-9A1E7A4F7556}") = "PWTestApp1 - ProposalMockup", "PWTestApp1 - ProposalMockup\PWTestApp1 - ProposalMockup.csproj", "{478F5971-5B91-40CF-9A41-64616F7E0192}"
EndProject
Project("{2150E333-8FDC-42A3-9474-1A3956D46DE8}") = "Solution Items", "Solution Items", "{85FC5CDB-8559-479A-B9A5-ACE7BEE9EEBF}"
	ProjectSection(SolutionItems) = preProject
		.editorconfig = .editorconfig
	EndProjectSection
EndProject
Global
	GlobalSection(SolutionConfigurationPlatforms) = preSolution
		Debug|Any CPU = Debug|Any CPU
		Debug|iPhone = Debug|iPhone
		Debug|iPhoneSimulator = Debug|iPhoneSimulator
		Release|Any CPU = Release|Any CPU
		Release|iPhone = Release|iPhone
		Release|iPhoneSimulator = Release|iPhoneSimulator
	EndGlobalSection
	GlobalSection(ProjectConfigurationPlatforms) = postSolution
		{6FDF83A1-9AEF-4252-AB71-284FB37DF1BB}.Debug|Any CPU.ActiveCfg = Debug|Any CPU
		{6FDF83A1-9AEF-4252-AB71-284FB37DF1BB}.Debug|Any CPU.Build.0 = Debug|Any CPU
		{6FDF83A1-9AEF-4252-AB71-284FB37DF1BB}.Debug|Any CPU.Deploy.0 = Debug|Any CPU
		{6FDF83A1-9AEF-4252-AB71-284FB37DF1BB}.Debug|iPhone.ActiveCfg = Debug|Any CPU
		{6FDF83A1-9AEF-4252-AB71-284FB37DF1BB}.Debug|iPhone.Build.0 = Debug|Any CPU
		{6FDF83A1-9AEF-4252-AB71-284FB37DF1BB}.Debug|iPhone.Deploy.0 = Debug|Any CPU
		{6FDF83A1-9AEF-4252-AB71-284FB37DF1BB}.Debug|iPhoneSimulator.ActiveCfg = Debug|Any CPU
		{6FDF83A1-9AEF-4252-AB71-284FB37DF1BB}.Debug|iPhoneSimulator.Build.0 = Debug|Any CPU
		{6FDF83A1-9AEF-4252-AB71-284FB37DF1BB}.Debug|iPhoneSimulator.Deploy.0 = Debug|Any CPU
		{6FDF83A1-9AEF-4252-AB71-284FB37DF1BB}.Release|Any CPU.ActiveCfg = Release|Any CPU
		{6FDF83A1-9AEF-4252-AB71-284FB37DF1BB}.Release|Any CPU.Build.0 = Release|Any CPU
		{6FDF83A1-9AEF-4252-AB71-284FB37DF1BB}.Release|Any CPU.Deploy.0 = Release|Any CPU
		{6FDF83A1-9AEF-4252-AB71-284FB37DF1BB}.Release|iPhone.ActiveCfg = Release|Any CPU
		{6FDF83A1-9AEF-4252-AB71-284FB37DF1BB}.Release|iPhone.Build.0 = Release|Any CPU
		{6FDF83A1-9AEF-4252-AB71-284FB37DF1BB}.Release|iPhone.Deploy.0 = Release|Any CPU
		{6FDF83A1-9AEF-4252-AB71-284FB37DF1BB}.Release|iPhoneSimulator.ActiveCfg = Release|Any CPU
		{6FDF83A1-9AEF-4252-AB71-284FB37DF1BB}.Release|iPhoneSimulator.Build.0 = Release|Any CPU
		{6FDF83A1-9AEF-4252-AB71-284FB37DF1BB}.Release|iPhoneSimulator.Deploy.0 = Release|Any CPU
		{9F6704DE-706D-4AB1-AC8F-422941A17E35}.Debug|Any CPU.ActiveCfg = Debug|iPhone
		{9F6704DE-706D-4AB1-AC8F-422941A17E35}.Debug|Any CPU.Build.0 = Debug|iPhone
		{9F6704DE-706D-4AB1-AC8F-422941A17E35}.Debug|Any CPU.Deploy.0 = Debug|iPhone
		{9F6704DE-706D-4AB1-AC8F-422941A17E35}.Debug|iPhone.ActiveCfg = Debug|iPhone
		{9F6704DE-706D-4AB1-AC8F-422941A17E35}.Debug|iPhone.Build.0 = Debug|iPhone
		{9F6704DE-706D-4AB1-AC8F-422941A17E35}.Debug|iPhone.Deploy.0 = Debug|iPhone
		{9F6704DE-706D-4AB1-AC8F-422941A17E35}.Debug|iPhoneSimulator.ActiveCfg = Debug|iPhoneSimulator
		{9F6704DE-706D-4AB1-AC8F-422941A17E35}.Debug|iPhoneSimulator.Build.0 = Debug|iPhoneSimulator
		{9F6704DE-706D-4AB1-AC8F-422941A17E35}.Debug|iPhoneSimulator.Deploy.0 = Debug|iPhoneSimulator
		{9F6704DE-706D-4AB1-AC8F-422941A17E35}.Release|Any CPU.ActiveCfg = Release|iPhoneSimulator
		{9F6704DE-706D-4AB1-AC8F-422941A17E35}.Release|Any CPU.Build.0 = Release|iPhoneSimulator
		{9F6704DE-706D-4AB1-AC8F-422941A17E35}.Release|Any CPU.Deploy.0 = Release|iPhoneSimulator
		{9F6704DE-706D-4AB1-AC8F-422941A17E35}.Release|iPhone.ActiveCfg = Release|iPhone
		{9F6704DE-706D-4AB1-AC8F-422941A17E35}.Release|iPhone.Build.0 = Release|iPhone
		{9F6704DE-706D-4AB1-AC8F-422941A17E35}.Release|iPhone.Deploy.0 = Release|iPhone
		{9F6704DE-706D-4AB1-AC8F-422941A17E35}.Release|iPhoneSimulator.ActiveCfg = Release|iPhoneSimulator
		{9F6704DE-706D-4AB1-AC8F-422941A17E35}.Release|iPhoneSimulator.Build.0 = Release|iPhoneSimulator
		{9F6704DE-706D-4AB1-AC8F-422941A17E35}.Release|iPhoneSimulator.Deploy.0 = Release|iPhoneSimulator
		{478F5971-5B91-40CF-9A41-64616F7E0192}.Debug|Any CPU.ActiveCfg = Debug|Any CPU
		{478F5971-5B91-40CF-9A41-64616F7E0192}.Debug|Any CPU.Build.0 = Debug|Any CPU
		{478F5971-5B91-40CF-9A41-64616F7E0192}.Debug|Any CPU.Deploy.0 = Debug|Any CPU
		{478F5971-5B91-40CF-9A41-64616F7E0192}.Debug|iPhone.ActiveCfg = Debug|Any CPU
		{478F5971-5B91-40CF-9A41-64616F7E0192}.Debug|iPhone.Build.0 = Debug|Any CPU
		{478F5971-5B91-40CF-9A41-64616F7E0192}.Debug|iPhone.Deploy.0 = Debug|Any CPU
		{478F5971-5B91-40CF-9A41-64616F7E0192}.Debug|iPhoneSimulator.ActiveCfg = Debug|Any CPU
		{478F5971-5B91-40CF-9A41-64616F7E0192}.Debug|iPhoneSimulator.Build.0 = Debug|Any CPU
		{478F5971-5B91-40CF-9A41-64616F7E0192}.Debug|iPhoneSimulator.Deploy.0 = Debug|Any CPU
		{478F5971-5B91-40CF-9A41-64616F7E0192}.Release|Any CPU.ActiveCfg = Release|Any CPU
		{478F5971-5B91-40CF-9A41-64616F7E0192}.Release|Any CPU.Build.0 = Release|Any CPU
		{478F5971-5B91-40CF-9A41-64616F7E0192}.Release|Any CPU.Deploy.0 = Release|Any CPU
		{478F5971-5B91-40CF-9A41-64616F7E0192}.Release|iPhone.ActiveCfg = Release|Any CPU
		{478F5971-5B91-40CF-9A41-64616F7E0192}.Release|iPhone.Build.0 = Release|Any CPU
		{478F5971-5B91-40CF-9A41-64616F7E0192}.Release|iPhone.Deploy.0 = Release|Any CPU
		{478F5971-5B91-40CF-9A41-64616F7E0192}.Release|iPhoneSimulator.ActiveCfg = Release|Any CPU
		{478F5971-5B91-40CF-9A41-64616F7E0192}.Release|iPhoneSimulator.Build.0 = Release|Any CPU
		{478F5971-5B91-40CF-9A41-64616F7E0192}.Release|iPhoneSimulator.Deploy.0 = Release|Any CPU
	EndGlobalSection
	GlobalSection(SolutionProperties) = preSolution
		HideSolutionNode = FALSE
	EndGlobalSection
	GlobalSection(ExtensibilityGlobals) = postSolution
		SolutionGuid = {03B4942E-3872-4B7D-B9AC-B01AB7E2CA2C}
	EndGlobalSection
EndGlobal
